
Microsoft Visual Studio Solution File, Format Version 12.00
# Visual Studio Express 2013 for Windows Desktop
VisualStudioVersion = 12.0.30723.0
MinimumVisualStudioVersion = 10.0.40219.1
Project("{FAE04EC0-301F-11D3-BF4B-00C04F79EFBC}") = "GeneratingForests", "GeneratingTrees\GeneratingForests.csproj", "{4B59BA0E-40E8-459F-A0DD-060387066D01}"
EndProject
Project("{FAE04EC0-301F-11D3-BF4B-00C04F79EFBC}") = "UnitTests", "UnitTests\UnitTests.csproj", "{0E08206D-792E-4FA5-954A-F90218F2C6AB}"
EndProject
Project("{FAE04EC0-301F-11D3-BF4B-00C04F79EFBC}") = "GraphLayout", "GraphLayout\GraphLayout\GraphLayout.csproj", "{FB8364B6-55D2-45B0-B173-E6308C19DD61}"
EndProject
Project("{FAE04EC0-301F-11D3-BF4B-00C04F79EFBC}") = "TreeContainer", "TreeContainer\TreeContainer.csproj", "{88B86170-EC9F-4ACF-B96E-0F97C28F57BA}"
EndProject
Project("{FAE04EC0-301F-11D3-BF4B-00C04F79EFBC}") = "GUI", "GUI\GUI.csproj", "{BF488FC4-C98F-4750-A3C5-91EB3057FED0}"
EndProject
Global
	GlobalSection(SolutionConfigurationPlatforms) = preSolution
		Debug|Any CPU = Debug|Any CPU
		Release|Any CPU = Release|Any CPU
	EndGlobalSection
	GlobalSection(ProjectConfigurationPlatforms) = postSolution
		{4B59BA0E-40E8-459F-A0DD-060387066D01}.Debug|Any CPU.ActiveCfg = Debug|Any CPU
		{4B59BA0E-40E8-459F-A0DD-060387066D01}.Debug|Any CPU.Build.0 = Debug|Any CPU
		{4B59BA0E-40E8-459F-A0DD-060387066D01}.Release|Any CPU.ActiveCfg = Release|Any CPU
		{4B59BA0E-40E8-459F-A0DD-060387066D01}.Release|Any CPU.Build.0 = Release|Any CPU
		{0E08206D-792E-4FA5-954A-F90218F2C6AB}.Debug|Any CPU.ActiveCfg = Debug|Any CPU
		{0E08206D-792E-4FA5-954A-F90218F2C6AB}.Debug|Any CPU.Build.0 = Debug|Any CPU
		{0E08206D-792E-4FA5-954A-F90218F2C6AB}.Release|Any CPU.ActiveCfg = Release|Any CPU
		{0E08206D-792E-4FA5-954A-F90218F2C6AB}.Release|Any CPU.Build.0 = Release|Any CPU
		{FB8364B6-55D2-45B0-B173-E6308C19DD61}.Debug|Any CPU.ActiveCfg = Debug|Any CPU
		{FB8364B6-55D2-45B0-B173-E6308C19DD61}.Debug|Any CPU.Build.0 = Debug|Any CPU
		{FB8364B6-55D2-45B0-B173-E6308C19DD61}.Release|Any CPU.ActiveCfg = Release|Any CPU
		{FB8364B6-55D2-45B0-B173-E6308C19DD61}.Release|Any CPU.Build.0 = Release|Any CPU
		{88B86170-EC9F-4ACF-B96E-0F97C28F57BA}.Debug|Any CPU.ActiveCfg = Debug|Any CPU
		{88B86170-EC9F-4ACF-B96E-0F97C28F57BA}.Debug|Any CPU.Build.0 = Debug|Any CPU
		{88B86170-EC9F-4ACF-B96E-0F97C28F57BA}.Release|Any CPU.ActiveCfg = Release|Any CPU
		{88B86170-EC9F-4ACF-B96E-0F97C28F57BA}.Release|Any CPU.Build.0 = Release|Any CPU
		{BF488FC4-C98F-4750-A3C5-91EB3057FED0}.Debug|Any CPU.ActiveCfg = Debug|Any CPU
		{BF488FC4-C98F-4750-A3C5-91EB3057FED0}.Debug|Any CPU.Build.0 = Debug|Any CPU
		{BF488FC4-C98F-4750-A3C5-91EB3057FED0}.Release|Any CPU.ActiveCfg = Release|Any CPU
		{BF488FC4-C98F-4750-A3C5-91EB3057FED0}.Release|Any CPU.Build.0 = Release|Any CPU
	EndGlobalSection
	GlobalSection(SolutionProperties) = preSolution
		HideSolutionNode = FALSE
	EndGlobalSection
EndGlobal
